
Microsoft Visual Studio Solution File, Format Version 12.00
# Visual Studio Version 17
VisualStudioVersion = 17.3.32929.385
MinimumVisualStudioVersion = 10.0.40219.1
Project("{FAE04EC0-301F-11D3-BF4B-00C04F79EFBC}") = "Bank", "Bank\Bank.csproj", "{0FB251FE-C632-4ABA-BABC-ED74C91BAED8}"
EndProject
Global
	GlobalSection(SolutionConfigurationPlatforms) = preSolution
		Debug|Any CPU = Debug|Any CPU
		Release|Any CPU = Release|Any CPU
	EndGlobalSection
	GlobalSection(ProjectConfigurationPlatforms) = postSolution
		{0FB251FE-C632-4ABA-BABC-ED74C91BAED8}.Debug|Any CPU.ActiveCfg = Debug|Any CPU
		{0FB251FE-C632-4ABA-BABC-ED74C91BAED8}.Debug|Any CPU.Build.0 = Debug|Any CPU
		{0FB251FE-C632-4ABA-BABC-ED74C91BAED8}.Release|Any CPU.ActiveCfg = Release|Any CPU
		{0FB251FE-C632-4ABA-BABC-ED74C91BAED8}.Release|Any CPU.Build.0 = Release|Any CPU
	EndGlobalSection
	GlobalSection(SolutionProperties) = preSolution
		HideSolutionNode = FALSE
	EndGlobalSection
	GlobalSection(ExtensibilityGlobals) = postSolution
		SolutionGuid = {640032CB-9971-474F-B3D7-A367A56E7621}
	EndGlobalSection
EndGlobal
